
Microsoft Visual Studio Solution File, Format Version 12.00
# Visual Studio Version 16
VisualStudioVersion = 16.0.31702.278
MinimumVisualStudioVersion = 10.0.40219.1
Project("{FAE04EC0-301F-11D3-BF4B-00C04F79EFBC}") = "WeatherAppXam.Android", "WeatherAppXam\WeatherAppXam.Android\WeatherAppXam.Android.csproj", "{B098E3BD-AD69-494E-A327-60F81F4F2C56}"
EndProject
Project("{FAE04EC0-301F-11D3-BF4B-00C04F79EFBC}") = "WeatherAppXam.iOS", "WeatherAppXam\WeatherAppXam.iOS\WeatherAppXam.iOS.csproj", "{56524D46-341B-4BD0-BEAC-127D2E4DF46F}"
EndProject
Project("{FAE04EC0-301F-11D3-BF4B-00C04F79EFBC}") = "WeatherAppXam", "WeatherAppXam\WeatherAppXam\WeatherAppXam.csproj", "{137B5B55-FA83-47D5-8827-A6B979EFFD1E}"
EndProject
Global
	GlobalSection(SolutionConfigurationPlatforms) = preSolution
		Debug|Any CPU = Debug|Any CPU
		Debug|iPhone = Debug|iPhone
		Debug|iPhoneSimulator = Debug|iPhoneSimulator
		Release|Any CPU = Release|Any CPU
		Release|iPhone = Release|iPhone
		Release|iPhoneSimulator = Release|iPhoneSimulator
	EndGlobalSection
	GlobalSection(ProjectConfigurationPlatforms) = postSolution
		{B098E3BD-AD69-494E-A327-60F81F4F2C56}.Debug|Any CPU.ActiveCfg = Debug|Any CPU
		{B098E3BD-AD69-494E-A327-60F81F4F2C56}.Debug|Any CPU.Build.0 = Debug|Any CPU
		{B098E3BD-AD69-494E-A327-60F81F4F2C56}.Debug|Any CPU.Deploy.0 = Debug|Any CPU
		{B098E3BD-AD69-494E-A327-60F81F4F2C56}.Debug|iPhone.ActiveCfg = Debug|Any CPU
		{B098E3BD-AD69-494E-A327-60F81F4F2C56}.Debug|iPhone.Build.0 = Debug|Any CPU
		{B098E3BD-AD69-494E-A327-60F81F4F2C56}.Debug|iPhone.Deploy.0 = Debug|Any CPU
		{B098E3BD-AD69-494E-A327-60F81F4F2C56}.Debug|iPhoneSimulator.ActiveCfg = Debug|Any CPU
		{B098E3BD-AD69-494E-A327-60F81F4F2C56}.Debug|iPhoneSimulator.Build.0 = Debug|Any CPU
		{B098E3BD-AD69-494E-A327-60F81F4F2C56}.Debug|iPhoneSimulator.Deploy.0 = Debug|Any CPU
		{B098E3BD-AD69-494E-A327-60F81F4F2C56}.Release|Any CPU.ActiveCfg = Release|Any CPU
		{B098E3BD-AD69-494E-A327-60F81F4F2C56}.Release|Any CPU.Build.0 = Release|Any CPU
		{B098E3BD-AD69-494E-A327-60F81F4F2C56}.Release|Any CPU.Deploy.0 = Release|Any CPU
		{B098E3BD-AD69-494E-A327-60F81F4F2C56}.Release|iPhone.ActiveCfg = Release|Any CPU
		{B098E3BD-AD69-494E-A327-60F81F4F2C56}.Release|iPhone.Build.0 = Release|Any CPU
		{B098E3BD-AD69-494E-A327-60F81F4F2C56}.Release|iPhone.Deploy.0 = Release|Any CPU
		{B098E3BD-AD69-494E-A327-60F81F4F2C56}.Release|iPhoneSimulator.ActiveCfg = Release|Any CPU
		{B098E3BD-AD69-494E-A327-60F81F4F2C56}.Release|iPhoneSimulator.Build.0 = Release|Any CPU
		{B098E3BD-AD69-494E-A327-60F81F4F2C56}.Release|iPhoneSimulator.Deploy.0 = Release|Any CPU
		{56524D46-341B-4BD0-BEAC-127D2E4DF46F}.Debug|Any CPU.ActiveCfg = Debug|iPhone
		{56524D46-341B-4BD0-BEAC-127D2E4DF46F}.Debug|Any CPU.Build.0 = Debug|iPhone
		{56524D46-341B-4BD0-BEAC-127D2E4DF46F}.Debug|Any CPU.Deploy.0 = Debug|iPhone
		{56524D46-341B-4BD0-BEAC-127D2E4DF46F}.Debug|iPhone.ActiveCfg = Debug|iPhone
		{56524D46-341B-4BD0-BEAC-127D2E4DF46F}.Debug|iPhone.Build.0 = Debug|iPhone
		{56524D46-341B-4BD0-BEAC-127D2E4DF46F}.Debug|iPhone.Deploy.0 = Debug|iPhone
		{56524D46-341B-4BD0-BEAC-127D2E4DF46F}.Debug|iPhoneSimulator.ActiveCfg = Debug|iPhoneSimulator
		{56524D46-341B-4BD0-BEAC-127D2E4DF46F}.Debug|iPhoneSimulator.Build.0 = Debug|iPhoneSimulator
		{56524D46-341B-4BD0-BEAC-127D2E4DF46F}.Debug|iPhoneSimulator.Deploy.0 = Debug|iPhoneSimulator
		{56524D46-341B-4BD0-BEAC-127D2E4DF46F}.Release|Any CPU.ActiveCfg = Release|iPhoneSimulator
		{56524D46-341B-4BD0-BEAC-127D2E4DF46F}.Release|Any CPU.Build.0 = Release|iPhoneSimulator
		{56524D46-341B-4BD0-BEAC-127D2E4DF46F}.Release|Any CPU.Deploy.0 = Release|iPhoneSimulator
		{56524D46-341B-4BD0-BEAC-127D2E4DF46F}.Release|iPhone.ActiveCfg = Release|iPhone
		{56524D46-341B-4BD0-BEAC-127D2E4DF46F}.Release|iPhone.Build.0 = Release|iPhone
		{56524D46-341B-4BD0-BEAC-127D2E4DF46F}.Release|iPhone.Deploy.0 = Release|iPhone
		{56524D46-341B-4BD0-BEAC-127D2E4DF46F}.Release|iPhoneSimulator.ActiveCfg = Release|iPhoneSimulator
		{56524D46-341B-4BD0-BEAC-127D2E4DF46F}.Release|iPhoneSimulator.Build.0 = Release|iPhoneSimulator
		{56524D46-341B-4BD0-BEAC-127D2E4DF46F}.Release|iPhoneSimulator.Deploy.0 = Release|iPhoneSimulator
		{137B5B55-FA83-47D5-8827-A6B979EFFD1E}.Debug|Any CPU.ActiveCfg = Debug|Any CPU
		{137B5B55-FA83-47D5-8827-A6B979EFFD1E}.Debug|Any CPU.Build.0 = Debug|Any CPU
		{137B5B55-FA83-47D5-8827-A6B979EFFD1E}.Debug|Any CPU.Deploy.0 = Debug|Any CPU
		{137B5B55-FA83-47D5-8827-A6B979EFFD1E}.Debug|iPhone.ActiveCfg = Debug|Any CPU
		{137B5B55-FA83-47D5-8827-A6B979EFFD1E}.Debug|iPhone.Build.0 = Debug|Any CPU
		{137B5B55-FA83-47D5-8827-A6B979EFFD1E}.Debug|iPhone.Deploy.0 = Debug|Any CPU
		{137B5B55-FA83-47D5-8827-A6B979EFFD1E}.Debug|iPhoneSimulator.ActiveCfg = Debug|Any CPU
		{137B5B55-FA83-47D5-8827-A6B979EFFD1E}.Debug|iPhoneSimulator.Build.0 = Debug|Any CPU
		{137B5B55-FA83-47D5-8827-A6B979EFFD1E}.Debug|iPhoneSimulator.Deploy.0 = Debug|Any CPU
		{137B5B55-FA83-47D5-8827-A6B979EFFD1E}.Release|Any CPU.ActiveCfg = Release|Any CPU
		{137B5B55-FA83-47D5-8827-A6B979EFFD1E}.Release|Any CPU.Build.0 = Release|Any CPU
		{137B5B55-FA83-47D5-8827-A6B979EFFD1E}.Release|Any CPU.Deploy.0 = Release|Any CPU
		{137B5B55-FA83-47D5-8827-A6B979EFFD1E}.Release|iPhone.ActiveCfg = Release|Any CPU
		{137B5B55-FA83-47D5-8827-A6B979EFFD1E}.Release|iPhone.Build.0 = Release|Any CPU
		{137B5B55-FA83-47D5-8827-A6B979EFFD1E}.Release|iPhone.Deploy.0 = Release|Any CPU
		{137B5B55-FA83-47D5-8827-A6B979EFFD1E}.Release|iPhoneSimulator.ActiveCfg = Release|Any CPU
		{137B5B55-FA83-47D5-8827-A6B979EFFD1E}.Release|iPhoneSimulator.Build.0 = Release|Any CPU
		{137B5B55-FA83-47D5-8827-A6B979EFFD1E}.Release|iPhoneSimulator.Deploy.0 = Release|Any CPU
	EndGlobalSection
	GlobalSection(SolutionProperties) = preSolution
		HideSolutionNode = FALSE
	EndGlobalSection
	GlobalSection(ExtensibilityGlobals) = postSolution
		SolutionGuid = {7399772B-C058-4D51-AE54-3CAC2D6F4C0D}
	EndGlobalSection
EndGlobal
